
Microsoft Visual Studio Solution File, Format Version 12.00
# Visual Studio Version 17
VisualStudioVersion = 17.2.32630.192
MinimumVisualStudioVersion = 10.0.40219.1
Project("{FAE04EC0-301F-11D3-BF4B-00C04F79EFBC}") = "First_Programm_Optimization", "First_Programm_Optimization\First_Programm_Optimization.csproj", "{70586786-DF28-467F-8AD5-62F4834E197D}"
EndProject
Global
	GlobalSection(SolutionConfigurationPlatforms) = preSolution
		Debug|Any CPU = Debug|Any CPU
		Release|Any CPU = Release|Any CPU
	EndGlobalSection
	GlobalSection(ProjectConfigurationPlatforms) = postSolution
		{70586786-DF28-467F-8AD5-62F4834E197D}.Debug|Any CPU.ActiveCfg = Debug|Any CPU
		{70586786-DF28-467F-8AD5-62F4834E197D}.Debug|Any CPU.Build.0 = Debug|Any CPU
		{70586786-DF28-467F-8AD5-62F4834E197D}.Release|Any CPU.ActiveCfg = Release|Any CPU
		{70586786-DF28-467F-8AD5-62F4834E197D}.Release|Any CPU.Build.0 = Release|Any CPU
	EndGlobalSection
	GlobalSection(SolutionProperties) = preSolution
		HideSolutionNode = FALSE
	EndGlobalSection
	GlobalSection(ExtensibilityGlobals) = postSolution
		SolutionGuid = {61F1314B-CF5E-4EFF-B1F8-544543C0979F}
	EndGlobalSection
EndGlobal
