
Microsoft Visual Studio Solution File, Format Version 12.00
# Visual Studio Version 17
VisualStudioVersion = 17.3.32901.215
MinimumVisualStudioVersion = 10.0.40219.1
Project("{FAE04EC0-301F-11D3-BF4B-00C04F79EFBC}") = "AIT_Forms_Arrays_LBs", "AIT_Forms_Arrays_LBs\AIT_Forms_Arrays_LBs.csproj", "{C7797D14-DCB5-47AB-8DC6-9717C0AA1F4C}"
EndProject
Global
	GlobalSection(SolutionConfigurationPlatforms) = preSolution
		Debug|Any CPU = Debug|Any CPU
		Release|Any CPU = Release|Any CPU
	EndGlobalSection
	GlobalSection(ProjectConfigurationPlatforms) = postSolution
		{C7797D14-DCB5-47AB-8DC6-9717C0AA1F4C}.Debug|Any CPU.ActiveCfg = Debug|Any CPU
		{C7797D14-DCB5-47AB-8DC6-9717C0AA1F4C}.Debug|Any CPU.Build.0 = Debug|Any CPU
		{C7797D14-DCB5-47AB-8DC6-9717C0AA1F4C}.Release|Any CPU.ActiveCfg = Release|Any CPU
		{C7797D14-DCB5-47AB-8DC6-9717C0AA1F4C}.Release|Any CPU.Build.0 = Release|Any CPU
	EndGlobalSection
	GlobalSection(SolutionProperties) = preSolution
		HideSolutionNode = FALSE
	EndGlobalSection
	GlobalSection(ExtensibilityGlobals) = postSolution
		SolutionGuid = {A9D98FFB-4168-429C-A9E7-AFB6BEFBB1F5}
	EndGlobalSection
EndGlobal
