
Microsoft Visual Studio Solution File, Format Version 12.00
# Visual Studio Version 17
VisualStudioVersion = 17.3.32901.215
MinimumVisualStudioVersion = 10.0.40219.1
Project("{FAE04EC0-301F-11D3-BF4B-00C04F79EFBC}") = "AIT_Forms_Task_3", "AIT_Forms_Task_3\AIT_Forms_Task_3.csproj", "{737159F3-A19C-4E69-B1E8-6BB694DE0ECD}"
EndProject
Global
	GlobalSection(SolutionConfigurationPlatforms) = preSolution
		Debug|Any CPU = Debug|Any CPU
		Release|Any CPU = Release|Any CPU
	EndGlobalSection
	GlobalSection(ProjectConfigurationPlatforms) = postSolution
		{737159F3-A19C-4E69-B1E8-6BB694DE0ECD}.Debug|Any CPU.ActiveCfg = Debug|Any CPU
		{737159F3-A19C-4E69-B1E8-6BB694DE0ECD}.Debug|Any CPU.Build.0 = Debug|Any CPU
		{737159F3-A19C-4E69-B1E8-6BB694DE0ECD}.Release|Any CPU.ActiveCfg = Release|Any CPU
		{737159F3-A19C-4E69-B1E8-6BB694DE0ECD}.Release|Any CPU.Build.0 = Release|Any CPU
	EndGlobalSection
	GlobalSection(SolutionProperties) = preSolution
		HideSolutionNode = FALSE
	EndGlobalSection
	GlobalSection(ExtensibilityGlobals) = postSolution
		SolutionGuid = {42DBAD20-01CE-493A-BC1F-449D33939111}
	EndGlobalSection
EndGlobal
