
Microsoft Visual Studio Solution File, Format Version 12.00
# Visual Studio Version 17
VisualStudioVersion = 17.3.32901.215
MinimumVisualStudioVersion = 10.0.40219.1
Project("{FAE04EC0-301F-11D3-BF4B-00C04F79EFBC}") = "while_loops_Task_4", "while_loops_Task_4\while_loops_Task_4.csproj", "{013C74DA-7517-4480-A67F-BD06AFDB49F3}"
EndProject
Global
	GlobalSection(SolutionConfigurationPlatforms) = preSolution
		Debug|Any CPU = Debug|Any CPU
		Release|Any CPU = Release|Any CPU
	EndGlobalSection
	GlobalSection(ProjectConfigurationPlatforms) = postSolution
		{013C74DA-7517-4480-A67F-BD06AFDB49F3}.Debug|Any CPU.ActiveCfg = Debug|Any CPU
		{013C74DA-7517-4480-A67F-BD06AFDB49F3}.Debug|Any CPU.Build.0 = Debug|Any CPU
		{013C74DA-7517-4480-A67F-BD06AFDB49F3}.Release|Any CPU.ActiveCfg = Release|Any CPU
		{013C74DA-7517-4480-A67F-BD06AFDB49F3}.Release|Any CPU.Build.0 = Release|Any CPU
	EndGlobalSection
	GlobalSection(SolutionProperties) = preSolution
		HideSolutionNode = FALSE
	EndGlobalSection
	GlobalSection(ExtensibilityGlobals) = postSolution
		SolutionGuid = {568A67F7-A276-45B0-9AE3-C2D68123F81A}
	EndGlobalSection
EndGlobal
