
Microsoft Visual Studio Solution File, Format Version 12.00
# Visual Studio Version 17
VisualStudioVersion = 17.3.32901.215
MinimumVisualStudioVersion = 10.0.40219.1
Project("{FAE04EC0-301F-11D3-BF4B-00C04F79EFBC}") = "AIT_Forms_Task_1", "AIT_Forms_Task_1\AIT_Forms_Task_1.csproj", "{C2726807-80DB-4695-9067-04DBC640BFA6}"
EndProject
Global
	GlobalSection(SolutionConfigurationPlatforms) = preSolution
		Debug|Any CPU = Debug|Any CPU
		Release|Any CPU = Release|Any CPU
	EndGlobalSection
	GlobalSection(ProjectConfigurationPlatforms) = postSolution
		{C2726807-80DB-4695-9067-04DBC640BFA6}.Debug|Any CPU.ActiveCfg = Debug|Any CPU
		{C2726807-80DB-4695-9067-04DBC640BFA6}.Debug|Any CPU.Build.0 = Debug|Any CPU
		{C2726807-80DB-4695-9067-04DBC640BFA6}.Release|Any CPU.ActiveCfg = Release|Any CPU
		{C2726807-80DB-4695-9067-04DBC640BFA6}.Release|Any CPU.Build.0 = Release|Any CPU
	EndGlobalSection
	GlobalSection(SolutionProperties) = preSolution
		HideSolutionNode = FALSE
	EndGlobalSection
	GlobalSection(ExtensibilityGlobals) = postSolution
		SolutionGuid = {7083D77D-6E8B-4814-9128-3E64F410275F}
	EndGlobalSection
EndGlobal
