
Microsoft Visual Studio Solution File, Format Version 12.00
# Visual Studio Version 17
VisualStudioVersion = 17.6.33723.286
MinimumVisualStudioVersion = 10.0.40219.1
Project("{FAE04EC0-301F-11D3-BF4B-00C04F79EFBC}") = "Recursion_Task_3", "Recursion_Task_3\Recursion_Task_3.csproj", "{1B4032CD-544E-418F-B054-F27E8CA6949F}"
EndProject
Global
	GlobalSection(SolutionConfigurationPlatforms) = preSolution
		Debug|Any CPU = Debug|Any CPU
		Release|Any CPU = Release|Any CPU
	EndGlobalSection
	GlobalSection(ProjectConfigurationPlatforms) = postSolution
		{1B4032CD-544E-418F-B054-F27E8CA6949F}.Debug|Any CPU.ActiveCfg = Debug|Any CPU
		{1B4032CD-544E-418F-B054-F27E8CA6949F}.Debug|Any CPU.Build.0 = Debug|Any CPU
		{1B4032CD-544E-418F-B054-F27E8CA6949F}.Release|Any CPU.ActiveCfg = Release|Any CPU
		{1B4032CD-544E-418F-B054-F27E8CA6949F}.Release|Any CPU.Build.0 = Release|Any CPU
	EndGlobalSection
	GlobalSection(SolutionProperties) = preSolution
		HideSolutionNode = FALSE
	EndGlobalSection
	GlobalSection(ExtensibilityGlobals) = postSolution
		SolutionGuid = {96B4B2F5-83F9-4406-91C7-0AFCD8D41B4D}
	EndGlobalSection
EndGlobal
