
Microsoft Visual Studio Solution File, Format Version 12.00
# Visual Studio Version 17
VisualStudioVersion = 17.2.32630.192
MinimumVisualStudioVersion = 10.0.40219.1
Project("{FAE04EC0-301F-11D3-BF4B-00C04F79EFBC}") = "Flaeche_Kreisflaeche", "Flaeche_Kreisflaeche\Flaeche_Kreisflaeche.csproj", "{FEFA7292-2891-4D7D-9985-B8F8E420930A}"
EndProject
Global
	GlobalSection(SolutionConfigurationPlatforms) = preSolution
		Debug|Any CPU = Debug|Any CPU
		Release|Any CPU = Release|Any CPU
	EndGlobalSection
	GlobalSection(ProjectConfigurationPlatforms) = postSolution
		{FEFA7292-2891-4D7D-9985-B8F8E420930A}.Debug|Any CPU.ActiveCfg = Debug|Any CPU
		{FEFA7292-2891-4D7D-9985-B8F8E420930A}.Debug|Any CPU.Build.0 = Debug|Any CPU
		{FEFA7292-2891-4D7D-9985-B8F8E420930A}.Release|Any CPU.ActiveCfg = Release|Any CPU
		{FEFA7292-2891-4D7D-9985-B8F8E420930A}.Release|Any CPU.Build.0 = Release|Any CPU
	EndGlobalSection
	GlobalSection(SolutionProperties) = preSolution
		HideSolutionNode = FALSE
	EndGlobalSection
	GlobalSection(ExtensibilityGlobals) = postSolution
		SolutionGuid = {09E8D8C4-5EC4-45C8-BD1D-FBECD90450C0}
	EndGlobalSection
EndGlobal
