
Microsoft Visual Studio Solution File, Format Version 12.00
# Visual Studio Version 17
VisualStudioVersion = 17.6.33723.286
MinimumVisualStudioVersion = 10.0.40219.1
Project("{FAE04EC0-301F-11D3-BF4B-00C04F79EFBC}") = "Strings_Task_3", "Strings_Task_3\Strings_Task_3.csproj", "{D26C89B4-5CD9-4F03-B5DA-AB3B44502C6B}"
EndProject
Global
	GlobalSection(SolutionConfigurationPlatforms) = preSolution
		Debug|Any CPU = Debug|Any CPU
		Release|Any CPU = Release|Any CPU
	EndGlobalSection
	GlobalSection(ProjectConfigurationPlatforms) = postSolution
		{D26C89B4-5CD9-4F03-B5DA-AB3B44502C6B}.Debug|Any CPU.ActiveCfg = Debug|Any CPU
		{D26C89B4-5CD9-4F03-B5DA-AB3B44502C6B}.Debug|Any CPU.Build.0 = Debug|Any CPU
		{D26C89B4-5CD9-4F03-B5DA-AB3B44502C6B}.Release|Any CPU.ActiveCfg = Release|Any CPU
		{D26C89B4-5CD9-4F03-B5DA-AB3B44502C6B}.Release|Any CPU.Build.0 = Release|Any CPU
	EndGlobalSection
	GlobalSection(SolutionProperties) = preSolution
		HideSolutionNode = FALSE
	EndGlobalSection
	GlobalSection(ExtensibilityGlobals) = postSolution
		SolutionGuid = {CFB5EA18-E46D-4C0B-AACD-E20E62AE7DF7}
	EndGlobalSection
EndGlobal
