
Microsoft Visual Studio Solution File, Format Version 12.00
# Visual Studio Version 17
VisualStudioVersion = 17.3.32901.215
MinimumVisualStudioVersion = 10.0.40219.1
Project("{FAE04EC0-301F-11D3-BF4B-00C04F79EFBC}") = "Calc_Quotient", "Calc_Quotient\Calc_Quotient.csproj", "{D0110D3B-8DA0-4746-BA6E-18806A34784E}"
EndProject
Global
	GlobalSection(SolutionConfigurationPlatforms) = preSolution
		Debug|Any CPU = Debug|Any CPU
		Release|Any CPU = Release|Any CPU
	EndGlobalSection
	GlobalSection(ProjectConfigurationPlatforms) = postSolution
		{D0110D3B-8DA0-4746-BA6E-18806A34784E}.Debug|Any CPU.ActiveCfg = Debug|Any CPU
		{D0110D3B-8DA0-4746-BA6E-18806A34784E}.Debug|Any CPU.Build.0 = Debug|Any CPU
		{D0110D3B-8DA0-4746-BA6E-18806A34784E}.Release|Any CPU.ActiveCfg = Release|Any CPU
		{D0110D3B-8DA0-4746-BA6E-18806A34784E}.Release|Any CPU.Build.0 = Release|Any CPU
	EndGlobalSection
	GlobalSection(SolutionProperties) = preSolution
		HideSolutionNode = FALSE
	EndGlobalSection
	GlobalSection(ExtensibilityGlobals) = postSolution
		SolutionGuid = {5D9E2930-171D-4C56-9794-8C53D174899E}
	EndGlobalSection
EndGlobal
