
Microsoft Visual Studio Solution File, Format Version 12.00
# Visual Studio Version 17
VisualStudioVersion = 17.3.32901.215
MinimumVisualStudioVersion = 10.0.40219.1
Project("{FAE04EC0-301F-11D3-BF4B-00C04F79EFBC}") = "Number_To_Month", "Number_To_Month\Number_To_Month.csproj", "{5307E3EF-E994-4862-8F29-9372E3A45763}"
EndProject
Global
	GlobalSection(SolutionConfigurationPlatforms) = preSolution
		Debug|Any CPU = Debug|Any CPU
		Release|Any CPU = Release|Any CPU
	EndGlobalSection
	GlobalSection(ProjectConfigurationPlatforms) = postSolution
		{5307E3EF-E994-4862-8F29-9372E3A45763}.Debug|Any CPU.ActiveCfg = Debug|Any CPU
		{5307E3EF-E994-4862-8F29-9372E3A45763}.Debug|Any CPU.Build.0 = Debug|Any CPU
		{5307E3EF-E994-4862-8F29-9372E3A45763}.Release|Any CPU.ActiveCfg = Release|Any CPU
		{5307E3EF-E994-4862-8F29-9372E3A45763}.Release|Any CPU.Build.0 = Release|Any CPU
	EndGlobalSection
	GlobalSection(SolutionProperties) = preSolution
		HideSolutionNode = FALSE
	EndGlobalSection
	GlobalSection(ExtensibilityGlobals) = postSolution
		SolutionGuid = {3F4E0733-7317-4FC8-B4ED-82ABA5488B4E}
	EndGlobalSection
EndGlobal
