
Microsoft Visual Studio Solution File, Format Version 12.00
# Visual Studio Version 17
VisualStudioVersion = 17.6.33723.286
MinimumVisualStudioVersion = 10.0.40219.1
Project("{FAE04EC0-301F-11D3-BF4B-00C04F79EFBC}") = "Strings_Task_2", "Strings_Task_2\Strings_Task_2.csproj", "{00E2C681-4CCF-48E9-93AF-48028474921D}"
EndProject
Global
	GlobalSection(SolutionConfigurationPlatforms) = preSolution
		Debug|Any CPU = Debug|Any CPU
		Release|Any CPU = Release|Any CPU
	EndGlobalSection
	GlobalSection(ProjectConfigurationPlatforms) = postSolution
		{00E2C681-4CCF-48E9-93AF-48028474921D}.Debug|Any CPU.ActiveCfg = Debug|Any CPU
		{00E2C681-4CCF-48E9-93AF-48028474921D}.Debug|Any CPU.Build.0 = Debug|Any CPU
		{00E2C681-4CCF-48E9-93AF-48028474921D}.Release|Any CPU.ActiveCfg = Release|Any CPU
		{00E2C681-4CCF-48E9-93AF-48028474921D}.Release|Any CPU.Build.0 = Release|Any CPU
	EndGlobalSection
	GlobalSection(SolutionProperties) = preSolution
		HideSolutionNode = FALSE
	EndGlobalSection
	GlobalSection(ExtensibilityGlobals) = postSolution
		SolutionGuid = {021AF6B3-90BB-4341-80F6-EAB50F72F0E2}
	EndGlobalSection
EndGlobal
