
Microsoft Visual Studio Solution File, Format Version 12.00
# Visual Studio Version 17
VisualStudioVersion = 17.3.32901.215
MinimumVisualStudioVersion = 10.0.40219.1
Project("{FAE04EC0-301F-11D3-BF4B-00C04F79EFBC}") = "while_loop_Euclide", "while_loop_Euclide\while_loop_Euclide.csproj", "{15455F97-7413-468A-8A9C-A97E6F2CFFE8}"
EndProject
Global
	GlobalSection(SolutionConfigurationPlatforms) = preSolution
		Debug|Any CPU = Debug|Any CPU
		Release|Any CPU = Release|Any CPU
	EndGlobalSection
	GlobalSection(ProjectConfigurationPlatforms) = postSolution
		{15455F97-7413-468A-8A9C-A97E6F2CFFE8}.Debug|Any CPU.ActiveCfg = Debug|Any CPU
		{15455F97-7413-468A-8A9C-A97E6F2CFFE8}.Debug|Any CPU.Build.0 = Debug|Any CPU
		{15455F97-7413-468A-8A9C-A97E6F2CFFE8}.Release|Any CPU.ActiveCfg = Release|Any CPU
		{15455F97-7413-468A-8A9C-A97E6F2CFFE8}.Release|Any CPU.Build.0 = Release|Any CPU
	EndGlobalSection
	GlobalSection(SolutionProperties) = preSolution
		HideSolutionNode = FALSE
	EndGlobalSection
	GlobalSection(ExtensibilityGlobals) = postSolution
		SolutionGuid = {B3A70F4F-D3D3-4616-95C0-454704FCF2C8}
	EndGlobalSection
EndGlobal
