
Microsoft Visual Studio Solution File, Format Version 12.00
# Visual Studio Version 17
VisualStudioVersion = 17.3.32901.215
MinimumVisualStudioVersion = 10.0.40219.1
Project("{FAE04EC0-301F-11D3-BF4B-00C04F79EFBC}") = "Sum_Odd_Numbers", "Sum_Odd_Numbers\Sum_Odd_Numbers.csproj", "{1A74BAF5-4995-4E44-A120-F95EFE49025B}"
EndProject
Global
	GlobalSection(SolutionConfigurationPlatforms) = preSolution
		Debug|Any CPU = Debug|Any CPU
		Release|Any CPU = Release|Any CPU
	EndGlobalSection
	GlobalSection(ProjectConfigurationPlatforms) = postSolution
		{1A74BAF5-4995-4E44-A120-F95EFE49025B}.Debug|Any CPU.ActiveCfg = Debug|Any CPU
		{1A74BAF5-4995-4E44-A120-F95EFE49025B}.Debug|Any CPU.Build.0 = Debug|Any CPU
		{1A74BAF5-4995-4E44-A120-F95EFE49025B}.Release|Any CPU.ActiveCfg = Release|Any CPU
		{1A74BAF5-4995-4E44-A120-F95EFE49025B}.Release|Any CPU.Build.0 = Release|Any CPU
	EndGlobalSection
	GlobalSection(SolutionProperties) = preSolution
		HideSolutionNode = FALSE
	EndGlobalSection
	GlobalSection(ExtensibilityGlobals) = postSolution
		SolutionGuid = {6BEDA724-53E4-4D76-BDF7-C22460F39886}
	EndGlobalSection
EndGlobal
