
Microsoft Visual Studio Solution File, Format Version 12.00
# Visual Studio Version 17
VisualStudioVersion = 17.3.32901.215
MinimumVisualStudioVersion = 10.0.40219.1
Project("{FAE04EC0-301F-11D3-BF4B-00C04F79EFBC}") = "Random_Array_Search", "Random_Array_Sort\Random_Array_Search.csproj", "{342CBD4C-564D-4AA2-89EC-15093A78B58F}"
EndProject
Global
	GlobalSection(SolutionConfigurationPlatforms) = preSolution
		Debug|Any CPU = Debug|Any CPU
		Release|Any CPU = Release|Any CPU
	EndGlobalSection
	GlobalSection(ProjectConfigurationPlatforms) = postSolution
		{342CBD4C-564D-4AA2-89EC-15093A78B58F}.Debug|Any CPU.ActiveCfg = Debug|Any CPU
		{342CBD4C-564D-4AA2-89EC-15093A78B58F}.Debug|Any CPU.Build.0 = Debug|Any CPU
		{342CBD4C-564D-4AA2-89EC-15093A78B58F}.Release|Any CPU.ActiveCfg = Release|Any CPU
		{342CBD4C-564D-4AA2-89EC-15093A78B58F}.Release|Any CPU.Build.0 = Release|Any CPU
	EndGlobalSection
	GlobalSection(SolutionProperties) = preSolution
		HideSolutionNode = FALSE
	EndGlobalSection
	GlobalSection(ExtensibilityGlobals) = postSolution
		SolutionGuid = {F04671F9-ADF7-4177-9557-BAE54B3EC1ED}
	EndGlobalSection
EndGlobal
