
Microsoft Visual Studio Solution File, Format Version 12.00
# Visual Studio Version 17
VisualStudioVersion = 17.3.32901.215
MinimumVisualStudioVersion = 10.0.40219.1
Project("{FAE04EC0-301F-11D3-BF4B-00C04F79EFBC}") = "divisor_of_a_number", "divisor_of_a_number\divisor_of_a_number.csproj", "{4BD4380A-D426-4CC8-BCD3-2EF5D2767D31}"
EndProject
Global
	GlobalSection(SolutionConfigurationPlatforms) = preSolution
		Debug|Any CPU = Debug|Any CPU
		Release|Any CPU = Release|Any CPU
	EndGlobalSection
	GlobalSection(ProjectConfigurationPlatforms) = postSolution
		{4BD4380A-D426-4CC8-BCD3-2EF5D2767D31}.Debug|Any CPU.ActiveCfg = Debug|Any CPU
		{4BD4380A-D426-4CC8-BCD3-2EF5D2767D31}.Debug|Any CPU.Build.0 = Debug|Any CPU
		{4BD4380A-D426-4CC8-BCD3-2EF5D2767D31}.Release|Any CPU.ActiveCfg = Release|Any CPU
		{4BD4380A-D426-4CC8-BCD3-2EF5D2767D31}.Release|Any CPU.Build.0 = Release|Any CPU
	EndGlobalSection
	GlobalSection(SolutionProperties) = preSolution
		HideSolutionNode = FALSE
	EndGlobalSection
	GlobalSection(ExtensibilityGlobals) = postSolution
		SolutionGuid = {15313FDF-F771-4435-A627-974AAE3B5054}
	EndGlobalSection
EndGlobal
