
Microsoft Visual Studio Solution File, Format Version 12.00
# Visual Studio Version 17
VisualStudioVersion = 17.3.32901.215
MinimumVisualStudioVersion = 10.0.40219.1
Project("{FAE04EC0-301F-11D3-BF4B-00C04F79EFBC}") = "Array_2D_Printout", "Array_2D_Printout\Array_2D_Printout.csproj", "{D9F2966B-2A55-42A4-B23E-1CF6DD429245}"
EndProject
Global
	GlobalSection(SolutionConfigurationPlatforms) = preSolution
		Debug|Any CPU = Debug|Any CPU
		Release|Any CPU = Release|Any CPU
	EndGlobalSection
	GlobalSection(ProjectConfigurationPlatforms) = postSolution
		{D9F2966B-2A55-42A4-B23E-1CF6DD429245}.Debug|Any CPU.ActiveCfg = Debug|Any CPU
		{D9F2966B-2A55-42A4-B23E-1CF6DD429245}.Debug|Any CPU.Build.0 = Debug|Any CPU
		{D9F2966B-2A55-42A4-B23E-1CF6DD429245}.Release|Any CPU.ActiveCfg = Release|Any CPU
		{D9F2966B-2A55-42A4-B23E-1CF6DD429245}.Release|Any CPU.Build.0 = Release|Any CPU
	EndGlobalSection
	GlobalSection(SolutionProperties) = preSolution
		HideSolutionNode = FALSE
	EndGlobalSection
	GlobalSection(ExtensibilityGlobals) = postSolution
		SolutionGuid = {9A008595-8228-458A-8BB6-CACD80300285}
	EndGlobalSection
EndGlobal
