
Microsoft Visual Studio Solution File, Format Version 12.00
# Visual Studio Version 17
VisualStudioVersion = 17.3.32901.215
MinimumVisualStudioVersion = 10.0.40219.1
Project("{FAE04EC0-301F-11D3-BF4B-00C04F79EFBC}") = "Guess_numbers", "Guess_numbers\Guess_numbers.csproj", "{401F9644-9C47-4BF5-BC5A-2A6509AD006E}"
EndProject
Global
	GlobalSection(SolutionConfigurationPlatforms) = preSolution
		Debug|Any CPU = Debug|Any CPU
		Release|Any CPU = Release|Any CPU
	EndGlobalSection
	GlobalSection(ProjectConfigurationPlatforms) = postSolution
		{401F9644-9C47-4BF5-BC5A-2A6509AD006E}.Debug|Any CPU.ActiveCfg = Debug|Any CPU
		{401F9644-9C47-4BF5-BC5A-2A6509AD006E}.Debug|Any CPU.Build.0 = Debug|Any CPU
		{401F9644-9C47-4BF5-BC5A-2A6509AD006E}.Release|Any CPU.ActiveCfg = Release|Any CPU
		{401F9644-9C47-4BF5-BC5A-2A6509AD006E}.Release|Any CPU.Build.0 = Release|Any CPU
	EndGlobalSection
	GlobalSection(SolutionProperties) = preSolution
		HideSolutionNode = FALSE
	EndGlobalSection
	GlobalSection(ExtensibilityGlobals) = postSolution
		SolutionGuid = {8DA91105-EF36-4298-87AC-87A3F0E48B71}
	EndGlobalSection
EndGlobal
