
Microsoft Visual Studio Solution File, Format Version 12.00
# Visual Studio Version 17
VisualStudioVersion = 17.3.32901.215
MinimumVisualStudioVersion = 10.0.40219.1
Project("{FAE04EC0-301F-11D3-BF4B-00C04F79EFBC}") = "Array_2D_Initialize", "Array_2D_Initialize\Array_2D_Initialize.csproj", "{29CCECE7-03A2-4FF6-98FB-33CF1D5545FF}"
EndProject
Global
	GlobalSection(SolutionConfigurationPlatforms) = preSolution
		Debug|Any CPU = Debug|Any CPU
		Release|Any CPU = Release|Any CPU
	EndGlobalSection
	GlobalSection(ProjectConfigurationPlatforms) = postSolution
		{29CCECE7-03A2-4FF6-98FB-33CF1D5545FF}.Debug|Any CPU.ActiveCfg = Debug|Any CPU
		{29CCECE7-03A2-4FF6-98FB-33CF1D5545FF}.Debug|Any CPU.Build.0 = Debug|Any CPU
		{29CCECE7-03A2-4FF6-98FB-33CF1D5545FF}.Release|Any CPU.ActiveCfg = Release|Any CPU
		{29CCECE7-03A2-4FF6-98FB-33CF1D5545FF}.Release|Any CPU.Build.0 = Release|Any CPU
	EndGlobalSection
	GlobalSection(SolutionProperties) = preSolution
		HideSolutionNode = FALSE
	EndGlobalSection
	GlobalSection(ExtensibilityGlobals) = postSolution
		SolutionGuid = {895EBE6B-8262-427C-932D-916A8EE26C20}
	EndGlobalSection
EndGlobal
